
Microsoft Visual Studio Solution File, Format Version 12.00
# Visual Studio Version 17
VisualStudioVersion = 17.9.34723.18
MinimumVisualStudioVersion = 10.0.40219.1
Project("{FAE04EC0-301F-11D3-BF4B-00C04F79EFBC}") = "TaskForceHM_WEBAPI", "TaskForceHM_WEBAPI\TaskForceHM_WEBAPI.csproj", "{F3198B7A-5FE5-448B-952B-C04C6835513E}"
EndProject
Global
	GlobalSection(SolutionConfigurationPlatforms) = preSolution
		Debug|Any CPU = Debug|Any CPU
		Release|Any CPU = Release|Any CPU
	EndGlobalSection
	GlobalSection(ProjectConfigurationPlatforms) = postSolution
		{F3198B7A-5FE5-448B-952B-C04C6835513E}.Debug|Any CPU.ActiveCfg = Debug|Any CPU
		{F3198B7A-5FE5-448B-952B-C04C6835513E}.Debug|Any CPU.Build.0 = Debug|Any CPU
		{F3198B7A-5FE5-448B-952B-C04C6835513E}.Release|Any CPU.ActiveCfg = Release|Any CPU
		{F3198B7A-5FE5-448B-952B-C04C6835513E}.Release|Any CPU.Build.0 = Release|Any CPU
	EndGlobalSection
	GlobalSection(SolutionProperties) = preSolution
		HideSolutionNode = FALSE
	EndGlobalSection
	GlobalSection(ExtensibilityGlobals) = postSolution
		SolutionGuid = {3D126FF5-A0FB-4C26-915E-6D42028151A1}
	EndGlobalSection
EndGlobal
